
Microsoft Visual Studio Solution File, Format Version 12.00
# Visual Studio Version 16
VisualStudioVersion = 16.0.31515.178
MinimumVisualStudioVersion = 10.0.40219.1
Project("{8BC9CEB8-8B4A-11D0-8D11-00A0C91BC942}") = "신기한 소수", "신기한 소수\신기한 소수.vcxproj", "{75C4C71C-0029-488D-953D-3F653767BE67}"
EndProject
Global
	GlobalSection(SolutionConfigurationPlatforms) = preSolution
		Debug|x64 = Debug|x64
		Debug|x86 = Debug|x86
		Release|x64 = Release|x64
		Release|x86 = Release|x86
	EndGlobalSection
	GlobalSection(ProjectConfigurationPlatforms) = postSolution
		{75C4C71C-0029-488D-953D-3F653767BE67}.Debug|x64.ActiveCfg = Debug|x64
		{75C4C71C-0029-488D-953D-3F653767BE67}.Debug|x64.Build.0 = Debug|x64
		{75C4C71C-0029-488D-953D-3F653767BE67}.Debug|x86.ActiveCfg = Debug|Win32
		{75C4C71C-0029-488D-953D-3F653767BE67}.Debug|x86.Build.0 = Debug|Win32
		{75C4C71C-0029-488D-953D-3F653767BE67}.Release|x64.ActiveCfg = Release|x64
		{75C4C71C-0029-488D-953D-3F653767BE67}.Release|x64.Build.0 = Release|x64
		{75C4C71C-0029-488D-953D-3F653767BE67}.Release|x86.ActiveCfg = Release|Win32
		{75C4C71C-0029-488D-953D-3F653767BE67}.Release|x86.Build.0 = Release|Win32
	EndGlobalSection
	GlobalSection(SolutionProperties) = preSolution
		HideSolutionNode = FALSE
	EndGlobalSection
	GlobalSection(ExtensibilityGlobals) = postSolution
		SolutionGuid = {28445F6B-A82F-4552-A7FE-3CEF01288517}
	EndGlobalSection
EndGlobal
