
Microsoft Visual Studio Solution File, Format Version 12.00
# Visual Studio Version 16
VisualStudioVersion = 16.0.31702.278
MinimumVisualStudioVersion = 10.0.40219.1
Project("{8BC9CEB8-8B4A-11D0-8D11-00A0C91BC942}") = "가장 긴 증가하는 부분 수열", "가장 긴 증가하는 부분 수열\가장 긴 증가하는 부분 수열.vcxproj", "{57EE1792-E7D0-490C-9B3E-7F06D0C13A87}"
EndProject
Global
	GlobalSection(SolutionConfigurationPlatforms) = preSolution
		Debug|x64 = Debug|x64
		Debug|x86 = Debug|x86
		Release|x64 = Release|x64
		Release|x86 = Release|x86
	EndGlobalSection
	GlobalSection(ProjectConfigurationPlatforms) = postSolution
		{57EE1792-E7D0-490C-9B3E-7F06D0C13A87}.Debug|x64.ActiveCfg = Debug|x64
		{57EE1792-E7D0-490C-9B3E-7F06D0C13A87}.Debug|x64.Build.0 = Debug|x64
		{57EE1792-E7D0-490C-9B3E-7F06D0C13A87}.Debug|x86.ActiveCfg = Debug|Win32
		{57EE1792-E7D0-490C-9B3E-7F06D0C13A87}.Debug|x86.Build.0 = Debug|Win32
		{57EE1792-E7D0-490C-9B3E-7F06D0C13A87}.Release|x64.ActiveCfg = Release|x64
		{57EE1792-E7D0-490C-9B3E-7F06D0C13A87}.Release|x64.Build.0 = Release|x64
		{57EE1792-E7D0-490C-9B3E-7F06D0C13A87}.Release|x86.ActiveCfg = Release|Win32
		{57EE1792-E7D0-490C-9B3E-7F06D0C13A87}.Release|x86.Build.0 = Release|Win32
	EndGlobalSection
	GlobalSection(SolutionProperties) = preSolution
		HideSolutionNode = FALSE
	EndGlobalSection
	GlobalSection(ExtensibilityGlobals) = postSolution
		SolutionGuid = {FA7AC89D-219E-4278-AD5F-F090338BEB4A}
	EndGlobalSection
EndGlobal
