
Microsoft Visual Studio Solution File, Format Version 12.00
# Visual Studio Version 16
VisualStudioVersion = 16.0.31702.278
MinimumVisualStudioVersion = 10.0.40219.1
Project("{8BC9CEB8-8B4A-11D0-8D11-00A0C91BC942}") = "구간 곱 구하기", "구간 곱 구하기\구간 곱 구하기.vcxproj", "{B38AB63D-E5D3-4C16-8822-49B5C88EBFB5}"
EndProject
Global
	GlobalSection(SolutionConfigurationPlatforms) = preSolution
		Debug|x64 = Debug|x64
		Debug|x86 = Debug|x86
		Release|x64 = Release|x64
		Release|x86 = Release|x86
	EndGlobalSection
	GlobalSection(ProjectConfigurationPlatforms) = postSolution
		{B38AB63D-E5D3-4C16-8822-49B5C88EBFB5}.Debug|x64.ActiveCfg = Debug|x64
		{B38AB63D-E5D3-4C16-8822-49B5C88EBFB5}.Debug|x64.Build.0 = Debug|x64
		{B38AB63D-E5D3-4C16-8822-49B5C88EBFB5}.Debug|x86.ActiveCfg = Debug|Win32
		{B38AB63D-E5D3-4C16-8822-49B5C88EBFB5}.Debug|x86.Build.0 = Debug|Win32
		{B38AB63D-E5D3-4C16-8822-49B5C88EBFB5}.Release|x64.ActiveCfg = Release|x64
		{B38AB63D-E5D3-4C16-8822-49B5C88EBFB5}.Release|x64.Build.0 = Release|x64
		{B38AB63D-E5D3-4C16-8822-49B5C88EBFB5}.Release|x86.ActiveCfg = Release|Win32
		{B38AB63D-E5D3-4C16-8822-49B5C88EBFB5}.Release|x86.Build.0 = Release|Win32
	EndGlobalSection
	GlobalSection(SolutionProperties) = preSolution
		HideSolutionNode = FALSE
	EndGlobalSection
	GlobalSection(ExtensibilityGlobals) = postSolution
		SolutionGuid = {8A88D0DF-A4AA-4520-A671-8E941D9E956F}
	EndGlobalSection
EndGlobal
