
Microsoft Visual Studio Solution File, Format Version 12.00
# Visual Studio Version 16
VisualStudioVersion = 16.0.31515.178
MinimumVisualStudioVersion = 10.0.40219.1
Project("{8BC9CEB8-8B4A-11D0-8D11-00A0C91BC942}") = "Pibonacci", "Pibonacci\Pibonacci.vcxproj", "{C3BF348F-64B4-4E82-BE6B-AD87BA1AA4BC}"
EndProject
Global
	GlobalSection(SolutionConfigurationPlatforms) = preSolution
		Debug|x64 = Debug|x64
		Debug|x86 = Debug|x86
		Release|x64 = Release|x64
		Release|x86 = Release|x86
	EndGlobalSection
	GlobalSection(ProjectConfigurationPlatforms) = postSolution
		{C3BF348F-64B4-4E82-BE6B-AD87BA1AA4BC}.Debug|x64.ActiveCfg = Debug|x64
		{C3BF348F-64B4-4E82-BE6B-AD87BA1AA4BC}.Debug|x64.Build.0 = Debug|x64
		{C3BF348F-64B4-4E82-BE6B-AD87BA1AA4BC}.Debug|x86.ActiveCfg = Debug|Win32
		{C3BF348F-64B4-4E82-BE6B-AD87BA1AA4BC}.Debug|x86.Build.0 = Debug|Win32
		{C3BF348F-64B4-4E82-BE6B-AD87BA1AA4BC}.Release|x64.ActiveCfg = Release|x64
		{C3BF348F-64B4-4E82-BE6B-AD87BA1AA4BC}.Release|x64.Build.0 = Release|x64
		{C3BF348F-64B4-4E82-BE6B-AD87BA1AA4BC}.Release|x86.ActiveCfg = Release|Win32
		{C3BF348F-64B4-4E82-BE6B-AD87BA1AA4BC}.Release|x86.Build.0 = Release|Win32
	EndGlobalSection
	GlobalSection(SolutionProperties) = preSolution
		HideSolutionNode = FALSE
	EndGlobalSection
	GlobalSection(ExtensibilityGlobals) = postSolution
		SolutionGuid = {AE049FED-9BAC-476A-AAA9-21BBB915D93D}
	EndGlobalSection
EndGlobal
