
Microsoft Visual Studio Solution File, Format Version 12.00
# Visual Studio Version 16
VisualStudioVersion = 16.0.31515.178
MinimumVisualStudioVersion = 10.0.40219.1
Project("{8BC9CEB8-8B4A-11D0-8D11-00A0C91BC942}") = "창영이와 커피", "창영이와 커피\창영이와 커피.vcxproj", "{D92713E4-8B6A-4375-904F-0B603256D1CB}"
EndProject
Global
	GlobalSection(SolutionConfigurationPlatforms) = preSolution
		Debug|x64 = Debug|x64
		Debug|x86 = Debug|x86
		Release|x64 = Release|x64
		Release|x86 = Release|x86
	EndGlobalSection
	GlobalSection(ProjectConfigurationPlatforms) = postSolution
		{D92713E4-8B6A-4375-904F-0B603256D1CB}.Debug|x64.ActiveCfg = Debug|x64
		{D92713E4-8B6A-4375-904F-0B603256D1CB}.Debug|x64.Build.0 = Debug|x64
		{D92713E4-8B6A-4375-904F-0B603256D1CB}.Debug|x86.ActiveCfg = Debug|Win32
		{D92713E4-8B6A-4375-904F-0B603256D1CB}.Debug|x86.Build.0 = Debug|Win32
		{D92713E4-8B6A-4375-904F-0B603256D1CB}.Release|x64.ActiveCfg = Release|x64
		{D92713E4-8B6A-4375-904F-0B603256D1CB}.Release|x64.Build.0 = Release|x64
		{D92713E4-8B6A-4375-904F-0B603256D1CB}.Release|x86.ActiveCfg = Release|Win32
		{D92713E4-8B6A-4375-904F-0B603256D1CB}.Release|x86.Build.0 = Release|Win32
	EndGlobalSection
	GlobalSection(SolutionProperties) = preSolution
		HideSolutionNode = FALSE
	EndGlobalSection
	GlobalSection(ExtensibilityGlobals) = postSolution
		SolutionGuid = {B4B42749-1F21-4248-B7C7-928FAE6E498D}
	EndGlobalSection
EndGlobal
