
Microsoft Visual Studio Solution File, Format Version 12.00
# Visual Studio Version 16
VisualStudioVersion = 16.0.31515.178
MinimumVisualStudioVersion = 10.0.40219.1
Project("{8BC9CEB8-8B4A-11D0-8D11-00A0C91BC942}") = "샤워실 바닥 깔기", "샤워실 바닥 깔기\샤워실 바닥 깔기.vcxproj", "{A6BEBB1F-1D98-438F-AA3E-EA88AF56658B}"
EndProject
Global
	GlobalSection(SolutionConfigurationPlatforms) = preSolution
		Debug|x64 = Debug|x64
		Debug|x86 = Debug|x86
		Release|x64 = Release|x64
		Release|x86 = Release|x86
	EndGlobalSection
	GlobalSection(ProjectConfigurationPlatforms) = postSolution
		{A6BEBB1F-1D98-438F-AA3E-EA88AF56658B}.Debug|x64.ActiveCfg = Debug|x64
		{A6BEBB1F-1D98-438F-AA3E-EA88AF56658B}.Debug|x64.Build.0 = Debug|x64
		{A6BEBB1F-1D98-438F-AA3E-EA88AF56658B}.Debug|x86.ActiveCfg = Debug|Win32
		{A6BEBB1F-1D98-438F-AA3E-EA88AF56658B}.Debug|x86.Build.0 = Debug|Win32
		{A6BEBB1F-1D98-438F-AA3E-EA88AF56658B}.Release|x64.ActiveCfg = Release|x64
		{A6BEBB1F-1D98-438F-AA3E-EA88AF56658B}.Release|x64.Build.0 = Release|x64
		{A6BEBB1F-1D98-438F-AA3E-EA88AF56658B}.Release|x86.ActiveCfg = Release|Win32
		{A6BEBB1F-1D98-438F-AA3E-EA88AF56658B}.Release|x86.Build.0 = Release|Win32
	EndGlobalSection
	GlobalSection(SolutionProperties) = preSolution
		HideSolutionNode = FALSE
	EndGlobalSection
	GlobalSection(ExtensibilityGlobals) = postSolution
		SolutionGuid = {196E58CB-ABDB-4895-950B-AFC6BDE08B3D}
	EndGlobalSection
EndGlobal
